
Microsoft Visual Studio Solution File, Format Version 12.00
# Visual Studio Version 17
VisualStudioVersion = 17.6.33712.159
MinimumVisualStudioVersion = 10.0.40219.1
Project("{9A19103F-16F7-4668-BE54-9A1E7A4F7556}") = "E.D.Y-Learning-System", "E.D.Y-Learning-System\E.D.Y-Learning-System.csproj", "{81D7A704-32BC-46BB-97AE-8FB033D8CC1B}"
EndProject
Project("{9A19103F-16F7-4668-BE54-9A1E7A4F7556}") = "E.D.Y-Repository", "E.D.Y-Repository\E.D.Y-Repository.csproj", "{C4A670F5-CEFA-4675-A762-46360C394FE5}"
EndProject
Project("{9A19103F-16F7-4668-BE54-9A1E7A4F7556}") = "BusinessObject", "BusinessObject\BusinessObject.csproj", "{D267F777-AFC1-45F0-A495-494E16923B75}"
EndProject
Project("{FAE04EC0-301F-11D3-BF4B-00C04F79EFBC}") = "E.D.Y-Serivce", "E.D.Y-Serivce\E.D.Y-Serivce.csproj", "{B839D452-4264-43BA-982B-84D559324FE5}"
EndProject
Global
	GlobalSection(SolutionConfigurationPlatforms) = preSolution
		Debug|Any CPU = Debug|Any CPU
		Release|Any CPU = Release|Any CPU
	EndGlobalSection
	GlobalSection(ProjectConfigurationPlatforms) = postSolution
		{81D7A704-32BC-46BB-97AE-8FB033D8CC1B}.Debug|Any CPU.ActiveCfg = Debug|Any CPU
		{81D7A704-32BC-46BB-97AE-8FB033D8CC1B}.Debug|Any CPU.Build.0 = Debug|Any CPU
		{81D7A704-32BC-46BB-97AE-8FB033D8CC1B}.Release|Any CPU.ActiveCfg = Release|Any CPU
		{81D7A704-32BC-46BB-97AE-8FB033D8CC1B}.Release|Any CPU.Build.0 = Release|Any CPU
		{C4A670F5-CEFA-4675-A762-46360C394FE5}.Debug|Any CPU.ActiveCfg = Debug|Any CPU
		{C4A670F5-CEFA-4675-A762-46360C394FE5}.Debug|Any CPU.Build.0 = Debug|Any CPU
		{C4A670F5-CEFA-4675-A762-46360C394FE5}.Release|Any CPU.ActiveCfg = Release|Any CPU
		{C4A670F5-CEFA-4675-A762-46360C394FE5}.Release|Any CPU.Build.0 = Release|Any CPU
		{D267F777-AFC1-45F0-A495-494E16923B75}.Debug|Any CPU.ActiveCfg = Debug|Any CPU
		{D267F777-AFC1-45F0-A495-494E16923B75}.Debug|Any CPU.Build.0 = Debug|Any CPU
		{D267F777-AFC1-45F0-A495-494E16923B75}.Release|Any CPU.ActiveCfg = Release|Any CPU
		{D267F777-AFC1-45F0-A495-494E16923B75}.Release|Any CPU.Build.0 = Release|Any CPU
		{B839D452-4264-43BA-982B-84D559324FE5}.Debug|Any CPU.ActiveCfg = Debug|Any CPU
		{B839D452-4264-43BA-982B-84D559324FE5}.Debug|Any CPU.Build.0 = Debug|Any CPU
		{B839D452-4264-43BA-982B-84D559324FE5}.Release|Any CPU.ActiveCfg = Release|Any CPU
		{B839D452-4264-43BA-982B-84D559324FE5}.Release|Any CPU.Build.0 = Release|Any CPU
	EndGlobalSection
	GlobalSection(SolutionProperties) = preSolution
		HideSolutionNode = FALSE
	EndGlobalSection
	GlobalSection(ExtensibilityGlobals) = postSolution
		SolutionGuid = {B1E97DA4-48CE-4E63-93EC-88702EE72139}
	EndGlobalSection
EndGlobal
